dependencies:
- name: kube-prometheus-stack
  repository: https://prometheus-community.github.io/helm-charts
  version: 86.3.1
- name: oauth2-proxy
  repository: https://oauth2-proxy.github.io/manifests/
  version: 10.7.0
digest: sha256:1446b19324774b022de20b1e93c3eb160a3f106cfbbfaff8777781ff8433632e
generated: "2026-07-03T07:01:04.746791738Z"
