dependencies:
- name: kube-prometheus-stack
  repository: https://prometheus-community.github.io/helm-charts
  version: 85.2.2
- name: oauth2-proxy
  repository: https://oauth2-proxy.github.io/manifests/
  version: 10.4.3
digest: sha256:607c8aeab5fa6cdb85c0d5d80d8852cbea65aa9d9708bdd984bfdce138c18e67
generated: "2026-06-05T10:01:07.598203577Z"
