dependencies:
- name: kube-prometheus-stack
  repository: https://prometheus-community.github.io/helm-charts
  version: 87.15.0
- name: oauth2-proxy
  repository: https://oauth2-proxy.github.io/manifests/
  version: 10.7.0
digest: sha256:808c9283fe3ac27194eb5e7666cc6c5c5779ad5be74b3775baf32e7e8231b660
generated: "2026-07-11T11:01:02.11064109Z"
