dependencies:
- name: longhorn
  repository: https://charts.longhorn.io
  version: 1.10.1
- name: oauth2-proxy
  repository: https://oauth2-proxy.github.io/manifests/
  version: 8.5.1
digest: sha256:c7fe60539d3f5687f5faa9c76bf30b68ffc8221bbf842048bf4b1ed6b92ca86b
generated: "2025-12-30T06:02:01.735136391Z"
