dependencies:
- name: loki
  repository: https://grafana.github.io/helm-charts
  version: 6.33.0
- name: promtail
  repository: https://grafana.github.io/helm-charts
  version: 6.17.0
digest: sha256:e4432141cffc9c35742a300c3c0f954faa1345c3cea1b349d311549f49be4fb1
generated: "2025-07-23T21:01:01.200817752Z"
