dependencies:
- name: loki
  repository: https://grafana.github.io/helm-charts
  version: 6.36.1
- name: promtail
  repository: https://grafana.github.io/helm-charts
  version: 6.17.0
digest: sha256:442a469ef89d519e28c7cddf1b82c415d95a529410a656c1f21c38522c0a4dc5
generated: "2025-08-17T23:01:30.826217736Z"
