dependencies:
- name: loki
  repository: https://grafana.github.io/helm-charts
  version: 6.51.0
- name: promtail
  repository: https://grafana.github.io/helm-charts
  version: 6.17.1
digest: sha256:6e57912b4f625b3535c77ea7749705c720568299b84fb9317e339fab5446561d
generated: "2026-01-21T22:02:08.401812461Z"
