dependencies:
- name: loki
  repository: https://grafana-community.github.io/helm-charts
  version: 18.12.0
- name: alloy
  repository: https://grafana.github.io/helm-charts
  version: 1.12.1
digest: sha256:432a6b7545cf04b03f7287b79e07c1137eb0a241ded658fc99269dc26592aedf
generated: "2026-09-04T03:01:24.147208385Z"
