dependencies:
- name: mariadb-operator-crds
  repository: https://helm.mariadb.com/mariadb-operator
  version: 26.10.1
- name: mariadb-operator
  repository: https://helm.mariadb.com/mariadb-operator
  version: 26.10.1
digest: sha256:10b6b3914b363600af418828f2016f97071da647c077ad365490d75b2016d909
generated: "2026-09-21T20:01:21.268983577Z"
