dependencies:
- name: kube-prometheus-stack
  repository: https://prometheus-community.github.io/helm-charts
  version: 77.10.0
- name: oauth2-proxy
  repository: https://oauth2-proxy.github.io/manifests/
  version: 8.2.1
digest: sha256:5ad4900d37728c32179f7cfe9811420bdf3b22aede15a9df52605bc8a6b75171
generated: "2025-09-19T17:01:39.672790174Z"
