dependencies:
- name: kube-prometheus-stack
  repository: https://prometheus-community.github.io/helm-charts
  version: 81.2.2
- name: oauth2-proxy
  repository: https://oauth2-proxy.github.io/manifests/
  version: 10.1.0
digest: sha256:5d48a8f15b9eb1cdc8e3c3ef941936f90bace2fe3523205d43d34d4021f492d7
generated: "2026-01-23T21:00:47.222828678Z"
