dependencies:
- name: argo-cd
  repository: https://argoproj.github.io/argo-helm
  version: 8.4.0
- name: argocd-apps
  repository: https://argoproj.github.io/argo-helm
  version: 2.0.2
digest: sha256:64b1a04f2221656434c23194c08f2548b78a8576ed22efbab5a068c6cc593116
generated: "2025-09-16T19:01:31.847971204Z"
